
Microsoft Visual Studio Solution File, Format Version 12.00
# Visual Studio Version 17
VisualStudioVersion = 17.6.33815.320
MinimumVisualStudioVersion = 10.0.40219.1
Project("{FAE04EC0-301F-11D3-BF4B-00C04F79EFBC}") = "CustomerModule", "CustomerModule\CustomerModule.csproj", "{EDDE64A7-0E9F-47EC-A53B-36BD01649ABD}"
EndProject
Global
	GlobalSection(SolutionConfigurationPlatforms) = preSolution
		Debug|Any CPU = Debug|Any CPU
		Release|Any CPU = Release|Any CPU
	EndGlobalSection
	GlobalSection(ProjectConfigurationPlatforms) = postSolution
		{EDDE64A7-0E9F-47EC-A53B-36BD01649ABD}.Debug|Any CPU.ActiveCfg = Debug|Any CPU
		{EDDE64A7-0E9F-47EC-A53B-36BD01649ABD}.Debug|Any CPU.Build.0 = Debug|Any CPU
		{EDDE64A7-0E9F-47EC-A53B-36BD01649ABD}.Release|Any CPU.ActiveCfg = Release|Any CPU
		{EDDE64A7-0E9F-47EC-A53B-36BD01649ABD}.Release|Any CPU.Build.0 = Release|Any CPU
	EndGlobalSection
	GlobalSection(SolutionProperties) = preSolution
		HideSolutionNode = FALSE
	EndGlobalSection
	GlobalSection(ExtensibilityGlobals) = postSolution
		SolutionGuid = {E66DABA8-831E-421C-823D-5D7AB03F7AB1}
	EndGlobalSection
EndGlobal
